
Microsoft Visual Studio Solution File, Format Version 12.00
# Visual Studio Version 17
VisualStudioVersion = 17.9.34622.214
MinimumVisualStudioVersion = 10.0.40219.1
Project("{FAE04EC0-301F-11D3-BF4B-00C04F79EFBC}") = "Laboratorio1 - Algoritmos", "Laboratorio1 - Algoritmos.csproj", "{2D9A2435-F475-473F-B091-C9568F04608E}"
EndProject
Global
	GlobalSection(SolutionConfigurationPlatforms) = preSolution
		Debug|Any CPU = Debug|Any CPU
		Release|Any CPU = Release|Any CPU
	EndGlobalSection
	GlobalSection(ProjectConfigurationPlatforms) = postSolution
		{2D9A2435-F475-473F-B091-C9568F04608E}.Debug|Any CPU.ActiveCfg = Debug|Any CPU
		{2D9A2435-F475-473F-B091-C9568F04608E}.Debug|Any CPU.Build.0 = Debug|Any CPU
		{2D9A2435-F475-473F-B091-C9568F04608E}.Release|Any CPU.ActiveCfg = Release|Any CPU
		{2D9A2435-F475-473F-B091-C9568F04608E}.Release|Any CPU.Build.0 = Release|Any CPU
	EndGlobalSection
	GlobalSection(SolutionProperties) = preSolution
		HideSolutionNode = FALSE
	EndGlobalSection
	GlobalSection(ExtensibilityGlobals) = postSolution
		SolutionGuid = {9994CCD9-5FA3-4F0A-81F5-7679C27206D6}
	EndGlobalSection
EndGlobal
